
Microsoft Visual Studio Solution File, Format Version 11.00
# Visual Studio 2010
Project("{FAE04EC0-301F-11D3-BF4B-00C04F79EFBC}") = "Official_BuildOverviews", "Official_BuildOverviews\Official_BuildOverviews.csproj", "{71071086-9B8D-4EEC-90DC-F97D12E81838}"
EndProject
Global
	GlobalSection(SolutionConfigurationPlatforms) = preSolution
		Debug|x86 = Debug|x86
		Release|x86 = Release|x86
	EndGlobalSection
	GlobalSection(ProjectConfigurationPlatforms) = postSolution
		{71071086-9B8D-4EEC-90DC-F97D12E81838}.Debug|x86.ActiveCfg = Debug|x86
		{71071086-9B8D-4EEC-90DC-F97D12E81838}.Debug|x86.Build.0 = Debug|x86
		{71071086-9B8D-4EEC-90DC-F97D12E81838}.Release|x86.ActiveCfg = Release|x86
		{71071086-9B8D-4EEC-90DC-F97D12E81838}.Release|x86.Build.0 = Release|x86
	EndGlobalSection
	GlobalSection(SolutionProperties) = preSolution
		HideSolutionNode = FALSE
	EndGlobalSection
EndGlobal
